
Microsoft Visual Studio Solution File, Format Version 12.00
# Visual Studio Version 16
VisualStudioVersion = 16.0.31829.152
MinimumVisualStudioVersion = 10.0.40219.1
Project("{8BC9CEB8-8B4A-11D0-8D11-00A0C91BC942}") = "RemotePatcher", "RemotePatcher\RemotePatcher.vcxproj", "{B3290007-B119-4511-96AF-7D4B5E4455E1}"
EndProject
Global
	GlobalSection(SolutionConfigurationPlatforms) = preSolution
		Debug|x64 = Debug|x64
		Debug|x86 = Debug|x86
		Release|x64 = Release|x64
		Release|x86 = Release|x86
	EndGlobalSection
	GlobalSection(ProjectConfigurationPlatforms) = postSolution
		{B3290007-B119-4511-96AF-7D4B5E4455E1}.Debug|x64.ActiveCfg = Debug|x64
		{B3290007-B119-4511-96AF-7D4B5E4455E1}.Debug|x64.Build.0 = Debug|x64
		{B3290007-B119-4511-96AF-7D4B5E4455E1}.Debug|x86.ActiveCfg = Debug|Win32
		{B3290007-B119-4511-96AF-7D4B5E4455E1}.Debug|x86.Build.0 = Debug|Win32
		{B3290007-B119-4511-96AF-7D4B5E4455E1}.Release|x64.ActiveCfg = Release|x64
		{B3290007-B119-4511-96AF-7D4B5E4455E1}.Release|x64.Build.0 = Release|x64
		{B3290007-B119-4511-96AF-7D4B5E4455E1}.Release|x86.ActiveCfg = Release|Win32
		{B3290007-B119-4511-96AF-7D4B5E4455E1}.Release|x86.Build.0 = Release|Win32
	EndGlobalSection
	GlobalSection(SolutionProperties) = preSolution
		HideSolutionNode = FALSE
	EndGlobalSection
	GlobalSection(ExtensibilityGlobals) = postSolution
		SolutionGuid = {D4F1E92B-BFD0-4186-A03C-D72ABF5CA252}
	EndGlobalSection
EndGlobal
